
Microsoft Visual Studio Solution File, Format Version 12.00
# Visual Studio Version 17
VisualStudioVersion = 17.8.34511.84
MinimumVisualStudioVersion = 10.0.40219.1
Project("{FAE04EC0-301F-11D3-BF4B-00C04F79EFBC}") = "InventorySystem", "InventorySystem\InventorySystem.csproj", "{62967102-FD41-4AFC-8BAF-170788458C60}"
EndProject
Global
	GlobalSection(SolutionConfigurationPlatforms) = preSolution
		Debug|Any CPU = Debug|Any CPU
		Release|Any CPU = Release|Any CPU
	EndGlobalSection
	GlobalSection(ProjectConfigurationPlatforms) = postSolution
		{62967102-FD41-4AFC-8BAF-170788458C60}.Debug|Any CPU.ActiveCfg = Debug|Any CPU
		{62967102-FD41-4AFC-8BAF-170788458C60}.Debug|Any CPU.Build.0 = Debug|Any CPU
		{62967102-FD41-4AFC-8BAF-170788458C60}.Release|Any CPU.ActiveCfg = Release|Any CPU
		{62967102-FD41-4AFC-8BAF-170788458C60}.Release|Any CPU.Build.0 = Release|Any CPU
	EndGlobalSection
	GlobalSection(SolutionProperties) = preSolution
		HideSolutionNode = FALSE
	EndGlobalSection
	GlobalSection(ExtensibilityGlobals) = postSolution
		SolutionGuid = {7EF66AF3-509B-4BD8-B1DA-CD683D8F84A6}
	EndGlobalSection
EndGlobal
